
Microsoft Visual Studio Solution File, Format Version 12.00
# Visual Studio Version 17
VisualStudioVersion = 17.1.31903.286
MinimumVisualStudioVersion = 10.0.40219.1
Project("{9A19103F-16F7-4668-BE54-9A1E7A4F7556}") = "igArchiveLib", "igArchiveLib\igArchiveLib.csproj", "{1DA49755-E232-4509-81B9-DB2C38510B1A}"
EndProject
Global
	GlobalSection(SolutionConfigurationPlatforms) = preSolution
		Debug|Any CPU = Debug|Any CPU
		Release|Any CPU = Release|Any CPU
	EndGlobalSection
	GlobalSection(ProjectConfigurationPlatforms) = postSolution
		{1DA49755-E232-4509-81B9-DB2C38510B1A}.Debug|Any CPU.ActiveCfg = Debug|Any CPU
		{1DA49755-E232-4509-81B9-DB2C38510B1A}.Debug|Any CPU.Build.0 = Debug|Any CPU
		{1DA49755-E232-4509-81B9-DB2C38510B1A}.Release|Any CPU.ActiveCfg = Release|Any CPU
		{1DA49755-E232-4509-81B9-DB2C38510B1A}.Release|Any CPU.Build.0 = Release|Any CPU
	EndGlobalSection
	GlobalSection(SolutionProperties) = preSolution
		HideSolutionNode = FALSE
	EndGlobalSection
	GlobalSection(ExtensibilityGlobals) = postSolution
		SolutionGuid = {40BCEE20-2C09-4A4D-BB3F-5BB9E3B134EE}
	EndGlobalSection
EndGlobal
